{
    "_readme": [
        "This file locks the dependencies of your project to a known state",
        "Read more about it at https://getcomposer.org/doc/01-basic-usage.md#composer-lock-the-lock-file",
        "This file is @generated automatically"
    ],
    "content-hash": "34f8dfe7ff8499eaa1bd865591b49aad",
    "packages": [
        {
            "name": "constructions-incongrues/ananas-build-toolkit",
            "version": "2.0.0-alpha.2",
            "source": {
                "type": "git",
                "url": "https://github.com/constructions-incongrues/ananas-build-toolkit.git",
                "reference": "bd6ffcf7cbb7a324606c5b309d15fea7da084d57"
            },
            "dist": {
                "type": "zip",
                "url": "https://api.github.com/repos/constructions-incongrues/ananas-build-toolkit/zipball/bd6ffcf7cbb7a324606c5b309d15fea7da084d57",
                "reference": "bd6ffcf7cbb7a324606c5b309d15fea7da084d57",
                "shasum": ""
            },
            "bin": [
                "bin/anananas"
            ],
            "type": "library",
            "notification-url": "https://packagist.org/downloads/",
            "authors": [
                {
                    "name": "Constructions Incongrues",
                    "email": "contact@constructions-incongrues.net"
                }
            ],
            "description": "Anananas makes it easy to configure, build and deploy applications to multiple environments",
            "homepage": "https://github.com/constructions-incongrues/ananas-build-toolkit",
            "time": "2017-10-18T13:13:45+00:00"
        }
    ],
    "packages-dev": [],
    "aliases": [],
    "minimum-stability": "stable",
    "stability-flags": {
        "constructions-incongrues/ananas-build-toolkit": 15
    },
    "prefer-stable": false,
    "prefer-lowest": false,
    "platform": [],
    "platform-dev": []
}
